
Microsoft Visual Studio Solution File, Format Version 12.00
# Visual Studio Version 17
VisualStudioVersion = 17.3.32922.545
MinimumVisualStudioVersion = 10.0.40219.1
Project("{FAE04EC0-301F-11D3-BF4B-00C04F79EFBC}") = "Multi Tenancy", "Multi Tenancy\Multi Tenancy.csproj", "{04F5DA7F-D290-48F6-9D68-084A994849DA}"
EndProject
Global
	GlobalSection(SolutionConfigurationPlatforms) = preSolution
		Debug|Any CPU = Debug|Any CPU
		Release|Any CPU = Release|Any CPU
	EndGlobalSection
	GlobalSection(ProjectConfigurationPlatforms) = postSolution
		{04F5DA7F-D290-48F6-9D68-084A994849DA}.Debug|Any CPU.ActiveCfg = Debug|Any CPU
		{04F5DA7F-D290-48F6-9D68-084A994849DA}.Debug|Any CPU.Build.0 = Debug|Any CPU
		{04F5DA7F-D290-48F6-9D68-084A994849DA}.Release|Any CPU.ActiveCfg = Release|Any CPU
		{04F5DA7F-D290-48F6-9D68-084A994849DA}.Release|Any CPU.Build.0 = Release|Any CPU
	EndGlobalSection
	GlobalSection(SolutionProperties) = preSolution
		HideSolutionNode = FALSE
	EndGlobalSection
	GlobalSection(ExtensibilityGlobals) = postSolution
		SolutionGuid = {0A2803ED-7EC3-4FCA-82A7-B3AC5A6046AD}
	EndGlobalSection
EndGlobal
